
Microsoft Visual Studio Solution File, Format Version 12.00
# Visual Studio Version 17
VisualStudioVersion = 17.6.33815.320
MinimumVisualStudioVersion = 10.0.40219.1
Project("{FAE04EC0-301F-11D3-BF4B-00C04F79EFBC}") = "FourSistersandDuckbear", "FourSistersandDuckbear.csproj", "{4A46E57E-D567-4C28-B5EC-1557647B8D19}"
EndProject
Global
	GlobalSection(SolutionConfigurationPlatforms) = preSolution
		Debug|Any CPU = Debug|Any CPU
		Release|Any CPU = Release|Any CPU
	EndGlobalSection
	GlobalSection(ProjectConfigurationPlatforms) = postSolution
		{4A46E57E-D567-4C28-B5EC-1557647B8D19}.Debug|Any CPU.ActiveCfg = Debug|Any CPU
		{4A46E57E-D567-4C28-B5EC-1557647B8D19}.Debug|Any CPU.Build.0 = Debug|Any CPU
		{4A46E57E-D567-4C28-B5EC-1557647B8D19}.Release|Any CPU.ActiveCfg = Release|Any CPU
		{4A46E57E-D567-4C28-B5EC-1557647B8D19}.Release|Any CPU.Build.0 = Release|Any CPU
	EndGlobalSection
	GlobalSection(SolutionProperties) = preSolution
		HideSolutionNode = FALSE
	EndGlobalSection
	GlobalSection(ExtensibilityGlobals) = postSolution
		SolutionGuid = {37F3913E-1E36-4C6A-8FBE-321DF0B5A55E}
	EndGlobalSection
EndGlobal
