
Microsoft Visual Studio Solution File, Format Version 12.00
# Visual Studio Version 17
VisualStudioVersion = 17.6.33723.286
MinimumVisualStudioVersion = 10.0.40219.1
Project("{FAE04EC0-301F-11D3-BF4B-00C04F79EFBC}") = "TupleTest", "TupleTest.csproj", "{8ED9D581-851E-490E-B2E3-3BB805534149}"
EndProject
Global
	GlobalSection(SolutionConfigurationPlatforms) = preSolution
		Debug|Any CPU = Debug|Any CPU
		Release|Any CPU = Release|Any CPU
	EndGlobalSection
	GlobalSection(ProjectConfigurationPlatforms) = postSolution
		{8ED9D581-851E-490E-B2E3-3BB805534149}.Debug|Any CPU.ActiveCfg = Debug|Any CPU
		{8ED9D581-851E-490E-B2E3-3BB805534149}.Debug|Any CPU.Build.0 = Debug|Any CPU
		{8ED9D581-851E-490E-B2E3-3BB805534149}.Release|Any CPU.ActiveCfg = Release|Any CPU
		{8ED9D581-851E-490E-B2E3-3BB805534149}.Release|Any CPU.Build.0 = Release|Any CPU
	EndGlobalSection
	GlobalSection(SolutionProperties) = preSolution
		HideSolutionNode = FALSE
	EndGlobalSection
	GlobalSection(ExtensibilityGlobals) = postSolution
		SolutionGuid = {6A54F9C5-A408-423D-8192-E28AD9C902BB}
	EndGlobalSection
EndGlobal
