
Microsoft Visual Studio Solution File, Format Version 12.00
# Visual Studio Version 17
VisualStudioVersion = 17.6.33815.320
MinimumVisualStudioVersion = 10.0.40219.1
Project("{FAE04EC0-301F-11D3-BF4B-00C04F79EFBC}") = "HuntingTheManticore", "HuntingTheManticore.csproj", "{DA146F66-97B3-44B8-A5E1-5F4B19088275}"
EndProject
Global
	GlobalSection(SolutionConfigurationPlatforms) = preSolution
		Debug|Any CPU = Debug|Any CPU
		Release|Any CPU = Release|Any CPU
	EndGlobalSection
	GlobalSection(ProjectConfigurationPlatforms) = postSolution
		{DA146F66-97B3-44B8-A5E1-5F4B19088275}.Debug|Any CPU.ActiveCfg = Debug|Any CPU
		{DA146F66-97B3-44B8-A5E1-5F4B19088275}.Debug|Any CPU.Build.0 = Debug|Any CPU
		{DA146F66-97B3-44B8-A5E1-5F4B19088275}.Release|Any CPU.ActiveCfg = Release|Any CPU
		{DA146F66-97B3-44B8-A5E1-5F4B19088275}.Release|Any CPU.Build.0 = Release|Any CPU
	EndGlobalSection
	GlobalSection(SolutionProperties) = preSolution
		HideSolutionNode = FALSE
	EndGlobalSection
	GlobalSection(ExtensibilityGlobals) = postSolution
		SolutionGuid = {E137B452-F46A-4BFA-8C81-BADE401288AD}
	EndGlobalSection
EndGlobal
