
Microsoft Visual Studio Solution File, Format Version 12.00
# Visual Studio Version 17
VisualStudioVersion = 17.6.33815.320
MinimumVisualStudioVersion = 10.0.40219.1
Project("{FAE04EC0-301F-11D3-BF4B-00C04F79EFBC}") = "Watchtower", "Watchtower.csproj", "{FB35DAB4-0BDA-4682-8C87-F17644FCC679}"
EndProject
Global
	GlobalSection(SolutionConfigurationPlatforms) = preSolution
		Debug|Any CPU = Debug|Any CPU
		Release|Any CPU = Release|Any CPU
	EndGlobalSection
	GlobalSection(ProjectConfigurationPlatforms) = postSolution
		{FB35DAB4-0BDA-4682-8C87-F17644FCC679}.Debug|Any CPU.ActiveCfg = Debug|Any CPU
		{FB35DAB4-0BDA-4682-8C87-F17644FCC679}.Debug|Any CPU.Build.0 = Debug|Any CPU
		{FB35DAB4-0BDA-4682-8C87-F17644FCC679}.Release|Any CPU.ActiveCfg = Release|Any CPU
		{FB35DAB4-0BDA-4682-8C87-F17644FCC679}.Release|Any CPU.Build.0 = Release|Any CPU
	EndGlobalSection
	GlobalSection(SolutionProperties) = preSolution
		HideSolutionNode = FALSE
	EndGlobalSection
	GlobalSection(ExtensibilityGlobals) = postSolution
		SolutionGuid = {2E3D4EF6-A21E-4773-827F-D1D437F9D60D}
	EndGlobalSection
EndGlobal
