
Microsoft Visual Studio Solution File, Format Version 12.00
# Visual Studio Version 17
VisualStudioVersion = 17.6.33723.286
MinimumVisualStudioVersion = 10.0.40219.1
Project("{FAE04EC0-301F-11D3-BF4B-00C04F79EFBC}") = "ClassPropertiesSandBox", "ClassPropertiesSandBox.csproj", "{B432DF07-3FC6-42F6-B2FE-FFE4E8E6C68D}"
EndProject
Global
	GlobalSection(SolutionConfigurationPlatforms) = preSolution
		Debug|Any CPU = Debug|Any CPU
		Release|Any CPU = Release|Any CPU
	EndGlobalSection
	GlobalSection(ProjectConfigurationPlatforms) = postSolution
		{B432DF07-3FC6-42F6-B2FE-FFE4E8E6C68D}.Debug|Any CPU.ActiveCfg = Debug|Any CPU
		{B432DF07-3FC6-42F6-B2FE-FFE4E8E6C68D}.Debug|Any CPU.Build.0 = Debug|Any CPU
		{B432DF07-3FC6-42F6-B2FE-FFE4E8E6C68D}.Release|Any CPU.ActiveCfg = Release|Any CPU
		{B432DF07-3FC6-42F6-B2FE-FFE4E8E6C68D}.Release|Any CPU.Build.0 = Release|Any CPU
	EndGlobalSection
	GlobalSection(SolutionProperties) = preSolution
		HideSolutionNode = FALSE
	EndGlobalSection
	GlobalSection(ExtensibilityGlobals) = postSolution
		SolutionGuid = {6454B492-3841-4BC8-B22D-B974D0B3E53A}
	EndGlobalSection
EndGlobal
