
Microsoft Visual Studio Solution File, Format Version 12.00
# Visual Studio Version 17
VisualStudioVersion = 17.6.33723.286
MinimumVisualStudioVersion = 10.0.40219.1
Project("{FAE04EC0-301F-11D3-BF4B-00C04F79EFBC}") = "VinFlectchersArrows", "VinFlectchersArrows.csproj", "{2DC51535-0C1F-46F8-B81D-2A23B1D30527}"
EndProject
Global
	GlobalSection(SolutionConfigurationPlatforms) = preSolution
		Debug|Any CPU = Debug|Any CPU
		Release|Any CPU = Release|Any CPU
	EndGlobalSection
	GlobalSection(ProjectConfigurationPlatforms) = postSolution
		{2DC51535-0C1F-46F8-B81D-2A23B1D30527}.Debug|Any CPU.ActiveCfg = Debug|Any CPU
		{2DC51535-0C1F-46F8-B81D-2A23B1D30527}.Debug|Any CPU.Build.0 = Debug|Any CPU
		{2DC51535-0C1F-46F8-B81D-2A23B1D30527}.Release|Any CPU.ActiveCfg = Release|Any CPU
		{2DC51535-0C1F-46F8-B81D-2A23B1D30527}.Release|Any CPU.Build.0 = Release|Any CPU
	EndGlobalSection
	GlobalSection(SolutionProperties) = preSolution
		HideSolutionNode = FALSE
	EndGlobalSection
	GlobalSection(ExtensibilityGlobals) = postSolution
		SolutionGuid = {3E48063E-2F07-47B3-8881-8974610F8E14}
	EndGlobalSection
EndGlobal
